
Microsoft Visual Studio Solution File, Format Version 12.00
# Visual Studio 14
VisualStudioVersion = 14.0.25420.1
MinimumVisualStudioVersion = 10.0.40219.1
Project("{2150E333-8FDC-42A3-9474-1A3956D46DE8}") = "src", "src", "{AE5D1E37-B330-4B92-8FED-82506D652AB3}"
EndProject
Project("{2150E333-8FDC-42A3-9474-1A3956D46DE8}") = "Solution Items", "Solution Items", "{A19D46B5-D0A0-426E-9EEC-8CB0BFD460A2}"
	ProjectSection(SolutionItems) = preProject
		global.json = global.json
		Performance1.psess = Performance1.psess
	EndProjectSection
EndProject
Project("{2150E333-8FDC-42A3-9474-1A3956D46DE8}") = "libs", "libs", "{2982C645-B2BB-4FC7-B1C8-A5FA233385A0}"
EndProject
Project("{8BB2217D-0F2D-49D1-97BC-3654ED321F3B}") = "CalDAV", "CalDAV\CalDAV.xproj", "{A1005221-05A4-47C1-8621-42D02C5DC5DF}"
EndProject
Project("{8BB2217D-0F2D-49D1-97BC-3654ED321F3B}") = "CalDavServices", "src\CalDavServices\CalDavServices.xproj", "{CEFC8B65-ACC7-4463-B270-D1C32F105A91}"
EndProject
Project("{2150E333-8FDC-42A3-9474-1A3956D46DE8}") = "test", "test", "{6E276287-EC4A-412C-8510-6245BE434B08}"
EndProject
Project("{8BB2217D-0F2D-49D1-97BC-3654ED321F3B}") = "CalDav_tests", "CalDav_tests\CalDav_tests.xproj", "{650A5A85-5956-491E-9312-5E25A27D1108}"
EndProject
Project("{8BB2217D-0F2D-49D1-97BC-3654ED321F3B}") = "DataLayer", "DataLayer\DataLayer.xproj", "{6FB532F5-7EB8-4941-904C-29DD136C99CB}"
EndProject
Project("{8BB2217D-0F2D-49D1-97BC-3654ED321F3B}") = "ACL", "ACL\ACL.xproj", "{C2E444BC-4961-45DA-8E68-A4C916C91ADE}"
EndProject
Project("{8BB2217D-0F2D-49D1-97BC-3654ED321F3B}") = "CalDavServices.IntegrationTest", "test\CalDavServices.IntegrationTest\CalDavServices.IntegrationTest.xproj", "{779AE1E7-234B-452F-9377-A0E9DBE67154}"
EndProject
Global
	GlobalSection(SolutionConfigurationPlatforms) = preSolution
		Debug|Any CPU = Debug|Any CPU
		Release|Any CPU = Release|Any CPU
	EndGlobalSection
	GlobalSection(ProjectConfigurationPlatforms) = postSolution
		{A1005221-05A4-47C1-8621-42D02C5DC5DF}.Debug|Any CPU.ActiveCfg = Debug|Any CPU
		{A1005221-05A4-47C1-8621-42D02C5DC5DF}.Debug|Any CPU.Build.0 = Debug|Any CPU
		{A1005221-05A4-47C1-8621-42D02C5DC5DF}.Release|Any CPU.ActiveCfg = Release|Any CPU
		{A1005221-05A4-47C1-8621-42D02C5DC5DF}.Release|Any CPU.Build.0 = Release|Any CPU
		{CEFC8B65-ACC7-4463-B270-D1C32F105A91}.Debug|Any CPU.ActiveCfg = Debug|Any CPU
		{CEFC8B65-ACC7-4463-B270-D1C32F105A91}.Debug|Any CPU.Build.0 = Debug|Any CPU
		{CEFC8B65-ACC7-4463-B270-D1C32F105A91}.Release|Any CPU.ActiveCfg = Release|Any CPU
		{CEFC8B65-ACC7-4463-B270-D1C32F105A91}.Release|Any CPU.Build.0 = Release|Any CPU
		{650A5A85-5956-491E-9312-5E25A27D1108}.Debug|Any CPU.ActiveCfg = Debug|Any CPU
		{650A5A85-5956-491E-9312-5E25A27D1108}.Debug|Any CPU.Build.0 = Debug|Any CPU
		{650A5A85-5956-491E-9312-5E25A27D1108}.Release|Any CPU.ActiveCfg = Release|Any CPU
		{650A5A85-5956-491E-9312-5E25A27D1108}.Release|Any CPU.Build.0 = Release|Any CPU
		{6FB532F5-7EB8-4941-904C-29DD136C99CB}.Debug|Any CPU.ActiveCfg = Debug|Any CPU
		{6FB532F5-7EB8-4941-904C-29DD136C99CB}.Debug|Any CPU.Build.0 = Debug|Any CPU
		{6FB532F5-7EB8-4941-904C-29DD136C99CB}.Release|Any CPU.ActiveCfg = Release|Any CPU
		{6FB532F5-7EB8-4941-904C-29DD136C99CB}.Release|Any CPU.Build.0 = Release|Any CPU
		{C2E444BC-4961-45DA-8E68-A4C916C91ADE}.Debug|Any CPU.ActiveCfg = Debug|Any CPU
		{C2E444BC-4961-45DA-8E68-A4C916C91ADE}.Debug|Any CPU.Build.0 = Debug|Any CPU
		{C2E444BC-4961-45DA-8E68-A4C916C91ADE}.Release|Any CPU.ActiveCfg = Release|Any CPU
		{C2E444BC-4961-45DA-8E68-A4C916C91ADE}.Release|Any CPU.Build.0 = Release|Any CPU
		{779AE1E7-234B-452F-9377-A0E9DBE67154}.Debug|Any CPU.ActiveCfg = Debug|Any CPU
		{779AE1E7-234B-452F-9377-A0E9DBE67154}.Debug|Any CPU.Build.0 = Debug|Any CPU
		{779AE1E7-234B-452F-9377-A0E9DBE67154}.Release|Any CPU.ActiveCfg = Release|Any CPU
		{779AE1E7-234B-452F-9377-A0E9DBE67154}.Release|Any CPU.Build.0 = Release|Any CPU
	EndGlobalSection
	GlobalSection(SolutionProperties) = preSolution
		HideSolutionNode = FALSE
	EndGlobalSection
	GlobalSection(NestedProjects) = preSolution
		{2982C645-B2BB-4FC7-B1C8-A5FA233385A0} = {AE5D1E37-B330-4B92-8FED-82506D652AB3}
		{A1005221-05A4-47C1-8621-42D02C5DC5DF} = {2982C645-B2BB-4FC7-B1C8-A5FA233385A0}
		{CEFC8B65-ACC7-4463-B270-D1C32F105A91} = {AE5D1E37-B330-4B92-8FED-82506D652AB3}
		{650A5A85-5956-491E-9312-5E25A27D1108} = {6E276287-EC4A-412C-8510-6245BE434B08}
		{6FB532F5-7EB8-4941-904C-29DD136C99CB} = {2982C645-B2BB-4FC7-B1C8-A5FA233385A0}
		{C2E444BC-4961-45DA-8E68-A4C916C91ADE} = {2982C645-B2BB-4FC7-B1C8-A5FA233385A0}
		{779AE1E7-234B-452F-9377-A0E9DBE67154} = {6E276287-EC4A-412C-8510-6245BE434B08}
	EndGlobalSection
EndGlobal
